
Microsoft Visual Studio Solution File, Format Version 12.00
# Visual Studio 15
VisualStudioVersion = 15.0.28010.2036
MinimumVisualStudioVersion = 10.0.40219.1
Project("{FAE04EC0-301F-11D3-BF4B-00C04F79EFBC}") = "ArrayMax", "ArrayMax\ArrayMax.csproj", "{61512F54-7D1F-471B-A135-46AB62FD43B2}"
EndProject
Global
	GlobalSection(SolutionConfigurationPlatforms) = preSolution
		Debug|Any CPU = Debug|Any CPU
		Release|Any CPU = Release|Any CPU
	EndGlobalSection
	GlobalSection(ProjectConfigurationPlatforms) = postSolution
		{61512F54-7D1F-471B-A135-46AB62FD43B2}.Debug|Any CPU.ActiveCfg = Debug|Any CPU
		{61512F54-7D1F-471B-A135-46AB62FD43B2}.Debug|Any CPU.Build.0 = Debug|Any CPU
		{61512F54-7D1F-471B-A135-46AB62FD43B2}.Release|Any CPU.ActiveCfg = Release|Any CPU
		{61512F54-7D1F-471B-A135-46AB62FD43B2}.Release|Any CPU.Build.0 = Release|Any CPU
	EndGlobalSection
	GlobalSection(SolutionProperties) = preSolution
		HideSolutionNode = FALSE
	EndGlobalSection
	GlobalSection(ExtensibilityGlobals) = postSolution
		SolutionGuid = {28B34E16-3349-4030-8241-14864C52E536}
	EndGlobalSection
EndGlobal
