
Microsoft Visual Studio Solution File, Format Version 12.00
# Visual Studio 15
VisualStudioVersion = 15.0.28010.2036
MinimumVisualStudioVersion = 10.0.40219.1
Project("{FAE04EC0-301F-11D3-BF4B-00C04F79EFBC}") = "Array_task", "Array_task\Array_task.csproj", "{302DD2F5-3590-4534-880B-4C0C3C827936}"
EndProject
Global
	GlobalSection(SolutionConfigurationPlatforms) = preSolution
		Debug|Any CPU = Debug|Any CPU
		Release|Any CPU = Release|Any CPU
	EndGlobalSection
	GlobalSection(ProjectConfigurationPlatforms) = postSolution
		{302DD2F5-3590-4534-880B-4C0C3C827936}.Debug|Any CPU.ActiveCfg = Debug|Any CPU
		{302DD2F5-3590-4534-880B-4C0C3C827936}.Debug|Any CPU.Build.0 = Debug|Any CPU
		{302DD2F5-3590-4534-880B-4C0C3C827936}.Release|Any CPU.ActiveCfg = Release|Any CPU
		{302DD2F5-3590-4534-880B-4C0C3C827936}.Release|Any CPU.Build.0 = Release|Any CPU
	EndGlobalSection
	GlobalSection(SolutionProperties) = preSolution
		HideSolutionNode = FALSE
	EndGlobalSection
	GlobalSection(ExtensibilityGlobals) = postSolution
		SolutionGuid = {584BB178-4633-40B4-AD6D-589A15893E76}
	EndGlobalSection
EndGlobal
