
Microsoft Visual Studio Solution File, Format Version 12.00
# Visual Studio 15
VisualStudioVersion = 15.0.28010.2036
MinimumVisualStudioVersion = 10.0.40219.1
Project("{FAE04EC0-301F-11D3-BF4B-00C04F79EFBC}") = "StringTask_1", "StringTask_1\StringTask_1.csproj", "{6F18EE71-4492-409F-80B3-EB9CF61AA8E2}"
EndProject
Global
	GlobalSection(SolutionConfigurationPlatforms) = preSolution
		Debug|Any CPU = Debug|Any CPU
		Release|Any CPU = Release|Any CPU
	EndGlobalSection
	GlobalSection(ProjectConfigurationPlatforms) = postSolution
		{6F18EE71-4492-409F-80B3-EB9CF61AA8E2}.Debug|Any CPU.ActiveCfg = Debug|Any CPU
		{6F18EE71-4492-409F-80B3-EB9CF61AA8E2}.Debug|Any CPU.Build.0 = Debug|Any CPU
		{6F18EE71-4492-409F-80B3-EB9CF61AA8E2}.Release|Any CPU.ActiveCfg = Release|Any CPU
		{6F18EE71-4492-409F-80B3-EB9CF61AA8E2}.Release|Any CPU.Build.0 = Release|Any CPU
	EndGlobalSection
	GlobalSection(SolutionProperties) = preSolution
		HideSolutionNode = FALSE
	EndGlobalSection
	GlobalSection(ExtensibilityGlobals) = postSolution
		SolutionGuid = {1F5397E2-8278-4F3A-A78A-DB283F25F575}
	EndGlobalSection
EndGlobal
