
Microsoft Visual Studio Solution File, Format Version 12.00
# Visual Studio 15
VisualStudioVersion = 15.0.28010.2036
MinimumVisualStudioVersion = 10.0.40219.1
Project("{FAE04EC0-301F-11D3-BF4B-00C04F79EFBC}") = "StringTask_2", "StringTask_2\StringTask_2.csproj", "{E9156ECC-1044-4FAD-8250-F688C827F786}"
EndProject
Global
	GlobalSection(SolutionConfigurationPlatforms) = preSolution
		Debug|Any CPU = Debug|Any CPU
		Release|Any CPU = Release|Any CPU
	EndGlobalSection
	GlobalSection(ProjectConfigurationPlatforms) = postSolution
		{E9156ECC-1044-4FAD-8250-F688C827F786}.Debug|Any CPU.ActiveCfg = Debug|Any CPU
		{E9156ECC-1044-4FAD-8250-F688C827F786}.Debug|Any CPU.Build.0 = Debug|Any CPU
		{E9156ECC-1044-4FAD-8250-F688C827F786}.Release|Any CPU.ActiveCfg = Release|Any CPU
		{E9156ECC-1044-4FAD-8250-F688C827F786}.Release|Any CPU.Build.0 = Release|Any CPU
	EndGlobalSection
	GlobalSection(SolutionProperties) = preSolution
		HideSolutionNode = FALSE
	EndGlobalSection
	GlobalSection(ExtensibilityGlobals) = postSolution
		SolutionGuid = {B63F1FC2-8A42-4E03-8D05-6151E4AED813}
	EndGlobalSection
EndGlobal
