
Microsoft Visual Studio Solution File, Format Version 12.00
# Visual Studio 15
VisualStudioVersion = 15.0.28010.2036
MinimumVisualStudioVersion = 10.0.40219.1
Project("{FAE04EC0-301F-11D3-BF4B-00C04F79EFBC}") = "StringTask_3", "StringTask_3\StringTask_3.csproj", "{D18309E8-D824-40A5-AF3D-E73F44203F53}"
EndProject
Global
	GlobalSection(SolutionConfigurationPlatforms) = preSolution
		Debug|Any CPU = Debug|Any CPU
		Release|Any CPU = Release|Any CPU
	EndGlobalSection
	GlobalSection(ProjectConfigurationPlatforms) = postSolution
		{D18309E8-D824-40A5-AF3D-E73F44203F53}.Debug|Any CPU.ActiveCfg = Debug|Any CPU
		{D18309E8-D824-40A5-AF3D-E73F44203F53}.Debug|Any CPU.Build.0 = Debug|Any CPU
		{D18309E8-D824-40A5-AF3D-E73F44203F53}.Release|Any CPU.ActiveCfg = Release|Any CPU
		{D18309E8-D824-40A5-AF3D-E73F44203F53}.Release|Any CPU.Build.0 = Release|Any CPU
	EndGlobalSection
	GlobalSection(SolutionProperties) = preSolution
		HideSolutionNode = FALSE
	EndGlobalSection
	GlobalSection(ExtensibilityGlobals) = postSolution
		SolutionGuid = {F6A63651-7BB4-4DDB-8042-887F3801BB3C}
	EndGlobalSection
EndGlobal
